
Microsoft Visual Studio Solution File, Format Version 12.00
# Visual Studio 15
VisualStudioVersion = 15.0.28307.572
MinimumVisualStudioVersion = 10.0.40219.1
Project("{FAE04EC0-301F-11D3-BF4B-00C04F79EFBC}") = "StudentInformation", "StudentInformation\StudentInformation.csproj", "{998CEF56-176E-447D-A5AE-B072EA53160F}"
EndProject
Global
	GlobalSection(SolutionConfigurationPlatforms) = preSolution
		Debug|Any CPU = Debug|Any CPU
		Release|Any CPU = Release|Any CPU
	EndGlobalSection
	GlobalSection(ProjectConfigurationPlatforms) = postSolution
		{998CEF56-176E-447D-A5AE-B072EA53160F}.Debug|Any CPU.ActiveCfg = Debug|Any CPU
		{998CEF56-176E-447D-A5AE-B072EA53160F}.Debug|Any CPU.Build.0 = Debug|Any CPU
		{998CEF56-176E-447D-A5AE-B072EA53160F}.Release|Any CPU.ActiveCfg = Release|Any CPU
		{998CEF56-176E-447D-A5AE-B072EA53160F}.Release|Any CPU.Build.0 = Release|Any CPU
	EndGlobalSection
	GlobalSection(SolutionProperties) = preSolution
		HideSolutionNode = FALSE
	EndGlobalSection
	GlobalSection(ExtensibilityGlobals) = postSolution
		SolutionGuid = {41D17675-B0E8-4312-8745-2304296CED48}
	EndGlobalSection
EndGlobal
